
Microsoft Visual Studio Solution File, Format Version 12.00
# Visual Studio 14
VisualStudioVersion = 14.0.25123.0
MinimumVisualStudioVersion = 10.0.40219.1
Project("{FAE04EC0-301F-11D3-BF4B-00C04F79EFBC}") = "UnsplashWallpapers", "src\UnsplashWallpapers\UnsplashWallpapers.csproj", "{A752FC6A-8BB3-45E2-8D52-B22E3595B136}"
EndProject
Project("{2150E333-8FDC-42A3-9474-1A3956D46DE8}") = "Solution Items", "Solution Items", "{3C5596E5-BEEB-4ABD-B457-11F9FC9D430D}"
	ProjectSection(SolutionItems) = preProject
		Changelog.txt = Changelog.txt
	EndProjectSection
EndProject
Project("{FAE04EC0-301F-11D3-BF4B-00C04F79EFBC}") = "UnsplashWallpapersTests", "tests\UnsplashWallpapersTests\UnsplashWallpapersTests.csproj", "{959AD335-408C-48D4-9ED7-0F7FC3E397B9}"
EndProject
Global
	GlobalSection(SolutionConfigurationPlatforms) = preSolution
		Debug|Any CPU = Debug|Any CPU
		Release|Any CPU = Release|Any CPU
	EndGlobalSection
	GlobalSection(ProjectConfigurationPlatforms) = postSolution
		{A752FC6A-8BB3-45E2-8D52-B22E3595B136}.Debug|Any CPU.ActiveCfg = Debug|Any CPU
		{A752FC6A-8BB3-45E2-8D52-B22E3595B136}.Debug|Any CPU.Build.0 = Debug|Any CPU
		{A752FC6A-8BB3-45E2-8D52-B22E3595B136}.Release|Any CPU.ActiveCfg = Release|Any CPU
		{A752FC6A-8BB3-45E2-8D52-B22E3595B136}.Release|Any CPU.Build.0 = Release|Any CPU
		{959AD335-408C-48D4-9ED7-0F7FC3E397B9}.Debug|Any CPU.ActiveCfg = Debug|Any CPU
		{959AD335-408C-48D4-9ED7-0F7FC3E397B9}.Debug|Any CPU.Build.0 = Debug|Any CPU
		{959AD335-408C-48D4-9ED7-0F7FC3E397B9}.Release|Any CPU.ActiveCfg = Release|Any CPU
		{959AD335-408C-48D4-9ED7-0F7FC3E397B9}.Release|Any CPU.Build.0 = Release|Any CPU
	EndGlobalSection
	GlobalSection(SolutionProperties) = preSolution
		HideSolutionNode = FALSE
	EndGlobalSection
EndGlobal
